<?xml version="1.0" encoding="utf-8"?>
<Project ToolsVersion="4.0" xmlns="http://schemas.microsoft.com/developer/msbuild/2003">
  <ItemGroup>
    <Filter Include="Engine">
      <UniqueIdentifier>{56f65aa8-3d39-4330-9366-91693821f586}</UniqueIdentifier>
    </Filter>
    <Filter Include="Engine\Core">
      <UniqueIdentifier>{3d956373-aff1-4ac6-9a6f-56d47207c301}</UniqueIdentifier>
    </Filter>
    <Filter Include="Engine\Graphics">
      <UniqueIdentifier>{b3bf7bbc-744d-4fa9-9a09-d900be293606}</UniqueIdentifier>
    </Filter>
    <Filter Include="Engine\GameObjects">
      <UniqueIdentifier>{bfd5a9a6-e190-4724-8cd7-992173eb9ba5}</UniqueIdentifier>
    </Filter>
    <Filter Include="Engine\Scenes">
      <UniqueIdentifier>{4558d1fe-346b-41f4-983b-668672973eff}</UniqueIdentifier>
    </Filter>
    <Filter Include="Engine\Math Utils">
      <UniqueIdentifier>{bd43f866-a14d-4186-aba6-5be6d45fb88b}</UniqueIdentifier>
    </Filter>
    <Filter Include="Engine\Input Devices">
      <UniqueIdentifier>{6ab1d8fd-c16c-4a0f-b3de-69c865e9b6ba}</UniqueIdentifier>
    </Filter>
    <Filter Include="Engine\Debugging">
      <UniqueIdentifier>{01add475-1bec-4ae5-ab5a-10f3213c3f95}</UniqueIdentifier>
    </Filter>
    <Filter Include="Engine\Debugging\ImGui">
      <UniqueIdentifier>{ce93c321-b6eb-4eb2-ae63-267ee864fee1}</UniqueIdentifier>
    </Filter>
    <Filter Include="Engine\Main Application">
      <UniqueIdentifier>{37dd3dae-ad32-4c77-896f-3bcad59c9fdd}</UniqueIdentifier>
    </Filter>
    <Filter Include="Engine\Audio">
      <UniqueIdentifier>{4086b289-1a99-4dac-85d6-2ded7efb2a3d}</UniqueIdentifier>
    </Filter>
  </ItemGroup>
  <ItemGroup>
    <ClCompile Include="imgui\imgui.cpp">
      <Filter>Engine\Debugging\ImGui</Filter>
    </ClCompile>
    <ClCompile Include="imgui\imgui_demo.cpp">
      <Filter>Engine\Debugging\ImGui</Filter>
    </ClCompile>
    <ClCompile Include="imgui\imgui_draw.cpp">
      <Filter>Engine\Debugging\ImGui</Filter>
    </ClCompile>
    <ClCompile Include="imgui\imgui_impl_opengl3.cpp">
      <Filter>Engine\Debugging\ImGui</Filter>
    </ClCompile>
    <ClCompile Include="imgui\imgui_impl_sdl2.cpp">
      <Filter>Engine\Debugging\ImGui</Filter>
    </ClCompile>
    <ClCompile Include="imgui\imgui_tables.cpp">
      <Filter>Engine\Debugging\ImGui</Filter>
    </ClCompile>
    <ClCompile Include="imgui\imgui_widgets.cpp">
      <Filter>Engine\Debugging\ImGui</Filter>
    </ClCompile>
    <ClCompile Include="main.cpp">
      <Filter>Engine\Main Application</Filter>
    </ClCompile>
    <ClCompile Include="Scene.cpp">
      <Filter>Engine\Scenes</Filter>
    </ClCompile>
    <ClCompile Include="Game.cpp">
      <Filter>Engine\Core</Filter>
    </ClCompile>
    <ClCompile Include="InputSystem.cpp">
      <Filter>Engine\Core</Filter>
    </ClCompile>
    <ClCompile Include="LogManager.cpp">
      <Filter>Engine\Core</Filter>
    </ClCompile>
    <ClCompile Include="Renderer.cpp">
      <Filter>Engine\Core</Filter>
    </ClCompile>
    <ClCompile Include="TextureManager.cpp">
      <Filter>Engine\Core</Filter>
    </ClCompile>
    <ClCompile Include="AnimatedSprite.cpp">
      <Filter>Engine\Graphics</Filter>
    </ClCompile>
    <ClCompile Include="Matrix4.cpp">
      <Filter>Engine\Graphics</Filter>
    </ClCompile>
    <ClCompile Include="Shader.cpp">
      <Filter>Engine\Graphics</Filter>
    </ClCompile>
    <ClCompile Include="Sprite.cpp">
      <Filter>Engine\Graphics</Filter>
    </ClCompile>
    <ClCompile Include="Texture.cpp">
      <Filter>Engine\Graphics</Filter>
    </ClCompile>
    <ClCompile Include="VertexArray.cpp">
      <Filter>Engine\Graphics</Filter>
    </ClCompile>
    <ClCompile Include="Vector2.cpp">
      <Filter>Engine\Math Utils</Filter>
    </ClCompile>
    <ClCompile Include="XboxController.cpp">
      <Filter>Engine\Input Devices</Filter>
    </ClCompile>
    <ClCompile Include="Entity.cpp">
      <Filter>Engine\GameObjects</Filter>
    </ClCompile>
    <ClCompile Include="Player.cpp">
      <Filter>Engine\GameObjects</Filter>
    </ClCompile>
    <ClCompile Include="SceneAbyssWalker.cpp">
      <Filter>Engine\Scenes</Filter>
    </ClCompile>
    <ClCompile Include="EnemyBat.cpp">
      <Filter>Engine\GameObjects</Filter>
    </ClCompile>
    <ClCompile Include="SoundSystem.cpp">
      <Filter>Engine\Audio</Filter>
    </ClCompile>
    <ClCompile Include="SceneTitleScreen.cpp">
      <Filter>Engine\Scenes</Filter>
    </ClCompile>
    <ClCompile Include="SceneControls.cpp">
      <Filter>Engine\Scenes</Filter>
    </ClCompile>
    <ClCompile Include="SceneSplashScreenFMOD.cpp">
      <Filter>Engine\Scenes</Filter>
    </ClCompile>
    <ClCompile Include="SceneSplashScreenAUT.cpp">
      <Filter>Engine\Scenes</Filter>
    </ClCompile>
    <ClCompile Include="EnemyType2.cpp">
      <Filter>Engine\GameObjects</Filter>
    </ClCompile>
    <ClCompile Include="AbyssalEssence.cpp">
      <Filter>Engine\GameObjects</Filter>
    </ClCompile>
    <ClCompile Include="ParticleEmitter.cpp">
      <Filter>Engine\Graphics</Filter>
    </ClCompile>
    <ClCompile Include="Particle.cpp">
      <Filter>Engine\Graphics</Filter>
    </ClCompile>
    <ClCompile Include="PlayerStats.cpp">
      <Filter>Engine\GameObjects</Filter>
    </ClCompile>
    <ClCompile Include="WaveSystem.cpp">
      <Filter>Engine\Core</Filter>
    </ClCompile>
    <ClCompile Include="UpgradeMenu.cpp">
      <Filter>Engine\Core</Filter>
    </ClCompile>
    <ClCompile Include="GameEndPrompt.cpp">
      <Filter>Engine\Core</Filter>
    </ClCompile>
    <ClCompile Include="EnemySpawner.cpp">
      <Filter>Engine\Core</Filter>
    </ClCompile>
    <ClCompile Include="PlayerHUD.cpp">
      <Filter>Engine\Core</Filter>
    </ClCompile>
    <ClCompile Include="CollisionSystem.cpp">
      <Filter>Engine\Core</Filter>
    </ClCompile>
  </ItemGroup>
  <ItemGroup>
    <ClInclude Include="imgui\imconfig.h">
      <Filter>Engine\Debugging\ImGui</Filter>
    </ClInclude>
    <ClInclude Include="imgui\imgui.h">
      <Filter>Engine\Debugging\ImGui</Filter>
    </ClInclude>
    <ClInclude Include="imgui\imgui_impl_opengl3.h">
      <Filter>Engine\Debugging\ImGui</Filter>
    </ClInclude>
    <ClInclude Include="imgui\imgui_impl_opengl3_loader.h">
      <Filter>Engine\Debugging\ImGui</Filter>
    </ClInclude>
    <ClInclude Include="imgui\imgui_impl_sdl2.h">
      <Filter>Engine\Debugging\ImGui</Filter>
    </ClInclude>
    <ClInclude Include="imgui\imgui_internal.h">
      <Filter>Engine\Debugging\ImGui</Filter>
    </ClInclude>
    <ClInclude Include="imgui\imstb_rectpack.h">
      <Filter>Engine\Debugging\ImGui</Filter>
    </ClInclude>
    <ClInclude Include="imgui\imstb_textedit.h">
      <Filter>Engine\Debugging\ImGui</Filter>
    </ClInclude>
    <ClInclude Include="imgui\imstb_truetype.h">
      <Filter>Engine\Debugging\ImGui</Filter>
    </ClInclude>
    <ClInclude Include="Game.h">
      <Filter>Engine\Core</Filter>
    </ClInclude>
    <ClInclude Include="Renderer.h">
      <Filter>Engine\Core</Filter>
    </ClInclude>
    <ClInclude Include="InputSystem.h">
      <Filter>Engine\Core</Filter>
    </ClInclude>
    <ClInclude Include="TextureManager.h">
      <Filter>Engine\Core</Filter>
    </ClInclude>
    <ClInclude Include="Sprite.h">
      <Filter>Engine\Graphics</Filter>
    </ClInclude>
    <ClInclude Include="AnimatedSprite.h">
      <Filter>Engine\Graphics</Filter>
    </ClInclude>
    <ClInclude Include="Shader.h">
      <Filter>Engine\Graphics</Filter>
    </ClInclude>
    <ClInclude Include="Texture.h">
      <Filter>Engine\Graphics</Filter>
    </ClInclude>
    <ClInclude Include="VertexArray.h">
      <Filter>Engine\Graphics</Filter>
    </ClInclude>
    <ClInclude Include="Matrix4.h">
      <Filter>Engine\Graphics</Filter>
    </ClInclude>
    <ClInclude Include="Entity.h">
      <Filter>Engine\GameObjects</Filter>
    </ClInclude>
    <ClInclude Include="Scene.h">
      <Filter>Engine\Scenes</Filter>
    </ClInclude>
    <ClInclude Include="Vector2.h">
      <Filter>Engine\Math Utils</Filter>
    </ClInclude>
    <ClInclude Include="InlineHelpers.h">
      <Filter>Engine\Math Utils</Filter>
    </ClInclude>
    <ClInclude Include="XboxController.h">
      <Filter>Engine\Input Devices</Filter>
    </ClInclude>
    <ClInclude Include="LogManager.h">
      <Filter>Engine\Core</Filter>
    </ClInclude>
    <ClInclude Include="Player.h">
      <Filter>Engine\GameObjects</Filter>
    </ClInclude>
    <ClInclude Include="SceneAbyssWalker.h">
      <Filter>Engine\Scenes</Filter>
    </ClInclude>
    <ClInclude Include="EnemyBat.h">
      <Filter>Engine\GameObjects</Filter>
    </ClInclude>
    <ClInclude Include="SoundSystem.h">
      <Filter>Engine\Audio</Filter>
    </ClInclude>
    <ClInclude Include="SceneTitleScreen.h">
      <Filter>Engine\Scenes</Filter>
    </ClInclude>
    <ClInclude Include="SceneControls.h">
      <Filter>Engine\Scenes</Filter>
    </ClInclude>
    <ClInclude Include="SceneSplashScreenFMOD.h">
      <Filter>Engine\Scenes</Filter>
    </ClInclude>
    <ClInclude Include="SceneSplashScreenAUT.h">
      <Filter>Engine\Scenes</Filter>
    </ClInclude>
    <ClInclude Include="EnemyType2.h">
      <Filter>Engine\GameObjects</Filter>
    </ClInclude>
    <ClInclude Include="AbyssalEssence.h">
      <Filter>Engine\GameObjects</Filter>
    </ClInclude>
    <ClInclude Include="ParticleEmitter.h">
      <Filter>Engine\Graphics</Filter>
    </ClInclude>
    <ClInclude Include="Particle.h">
      <Filter>Engine\Graphics</Filter>
    </ClInclude>
    <ClInclude Include="PlayerStats.h">
      <Filter>Engine\GameObjects</Filter>
    </ClInclude>
    <ClInclude Include="WaveSystem.h">
      <Filter>Engine\Core</Filter>
    </ClInclude>
    <ClInclude Include="UpgradeMenu.h">
      <Filter>Engine\Core</Filter>
    </ClInclude>
    <ClInclude Include="UITypes.h">
      <Filter>Engine\Core</Filter>
    </ClInclude>
    <ClInclude Include="GameEndPrompt.h">
      <Filter>Engine\Core</Filter>
    </ClInclude>
    <ClInclude Include="EnemySpawner.h">
      <Filter>Engine\Core</Filter>
    </ClInclude>
    <ClInclude Include="PlayerHUD.h">
      <Filter>Engine\Core</Filter>
    </ClInclude>
    <ClInclude Include="CollisionSystem.h">
      <Filter>Engine\Core</Filter>
    </ClInclude>
  </ItemGroup>
  <ItemGroup>
    <None Include="sprite.vert" />
    <None Include="sprite.frag" />
  </ItemGroup>
</Project>